
Microsoft Visual Studio Solution File, Format Version 12.00
# Visual Studio Version 16
VisualStudioVersion = 16.0.29613.14
MinimumVisualStudioVersion = 15.0.26124.0
Project("{2150E333-8FDC-42A3-9474-1A3956D46DE8}") = "src", "src", "{D22495EB-8649-47C6-9F0F-C077DAF3484C}"
EndProject
Project("{2150E333-8FDC-42A3-9474-1A3956D46DE8}") = "sln", "sln", "{1E2F5BB5-6345-49EF-93B0-6B1436B5C797}"
	ProjectSection(SolutionItems) = preProject
		.gitignore = .gitignore
		build-art.txt = build-art.txt
		build.fsx = build.fsx
		Dockerfile = Dockerfile
		fake.cmd = fake.cmd
		fake.sh = fake.sh
		global.json = global.json
		paket.dependencies = paket.dependencies
		paket.dependenciesxx = paket.dependenciesxx
		README.md = README.md
	EndProjectSection
EndProject
Project("{6EC3EE1D-3C4E-46DD-8F32-0CC8E7565705}") = "chickadee.cli", "src\chickadee.cli\chickadee.cli.fsproj", "{FC57BED9-4CFF-439B-8E37-840A5F60A9C4}"
EndProject
Project("{6EC3EE1D-3C4E-46DD-8F32-0CC8E7565705}") = "chickadee.core", "src\chickadee.core\chickadee.core.fsproj", "{3C1A299E-5E51-40DE-BBC6-4A0683B5BF5E}"
EndProject
Project("{6EC3EE1D-3C4E-46DD-8F32-0CC8E7565705}") = "chickadee.crc", "src\chickadee.crc\chickadee.crc.fsproj", "{99ADB940-5705-41D0-B08E-72C895FF22A5}"
EndProject
Project("{6EC3EE1D-3C4E-46DD-8F32-0CC8E7565705}") = "chickadee.infrastructure", "src\chickadee.infrastructure\chickadee.infrastructure.fsproj", "{223A4153-E0A3-4F54-907D-D76B0EACD1C1}"
EndProject
Project("{6EC3EE1D-3C4E-46DD-8F32-0CC8E7565705}") = "chickadee.migrations", "src\chickadee.migrations\chickadee.migrations.fsproj", "{FA1A3FD1-111C-4D03-B186-2AC1A3E819F0}"
EndProject
Project("{9A19103F-16F7-4668-BE54-9A1E7A4F7556}") = "chickadee.service", "src\chickadee.service\chickadee.service.fsproj", "{704364AE-D0B9-4162-A93C-DD186A0F6B97}"
EndProject
Project("{6EC3EE1D-3C4E-46DD-8F32-0CC8E7565705}") = "chickadee.web", "src\chickadee.web\chickadee.web.fsproj", "{603C4614-2541-4492-A9B7-903E164CFE1B}"
EndProject
Project("{2150E333-8FDC-42A3-9474-1A3956D46DE8}") = "test", "test", "{DAF2911D-EDF4-4925-A63A-3C4BEDA36C3C}"
EndProject
Project("{6EC3EE1D-3C4E-46DD-8F32-0CC8E7565705}") = "chickadee.tests", "src\chickadee.tests\chickadee.tests.fsproj", "{504FB9A6-0849-44D7-9BF3-CE728DFEA45A}"
EndProject
Global
	GlobalSection(SolutionConfigurationPlatforms) = preSolution
		Debug|Any CPU = Debug|Any CPU
		Debug|x64 = Debug|x64
		Debug|x86 = Debug|x86
		Release|Any CPU = Release|Any CPU
		Release|x64 = Release|x64
		Release|x86 = Release|x86
	EndGlobalSection
	GlobalSection(ProjectConfigurationPlatforms) = postSolution
		{FC57BED9-4CFF-439B-8E37-840A5F60A9C4}.Debug|Any CPU.ActiveCfg = Debug|Any CPU
		{FC57BED9-4CFF-439B-8E37-840A5F60A9C4}.Debug|Any CPU.Build.0 = Debug|Any CPU
		{FC57BED9-4CFF-439B-8E37-840A5F60A9C4}.Debug|x64.ActiveCfg = Debug|Any CPU
		{FC57BED9-4CFF-439B-8E37-840A5F60A9C4}.Debug|x64.Build.0 = Debug|Any CPU
		{FC57BED9-4CFF-439B-8E37-840A5F60A9C4}.Debug|x86.ActiveCfg = Debug|Any CPU
		{FC57BED9-4CFF-439B-8E37-840A5F60A9C4}.Debug|x86.Build.0 = Debug|Any CPU
		{FC57BED9-4CFF-439B-8E37-840A5F60A9C4}.Release|Any CPU.ActiveCfg = Release|Any CPU
		{FC57BED9-4CFF-439B-8E37-840A5F60A9C4}.Release|Any CPU.Build.0 = Release|Any CPU
		{FC57BED9-4CFF-439B-8E37-840A5F60A9C4}.Release|x64.ActiveCfg = Release|Any CPU
		{FC57BED9-4CFF-439B-8E37-840A5F60A9C4}.Release|x64.Build.0 = Release|Any CPU
		{FC57BED9-4CFF-439B-8E37-840A5F60A9C4}.Release|x86.ActiveCfg = Release|Any CPU
		{FC57BED9-4CFF-439B-8E37-840A5F60A9C4}.Release|x86.Build.0 = Release|Any CPU
		{3C1A299E-5E51-40DE-BBC6-4A0683B5BF5E}.Debug|Any CPU.ActiveCfg = Debug|Any CPU
		{3C1A299E-5E51-40DE-BBC6-4A0683B5BF5E}.Debug|Any CPU.Build.0 = Debug|Any CPU
		{3C1A299E-5E51-40DE-BBC6-4A0683B5BF5E}.Debug|x64.ActiveCfg = Debug|Any CPU
		{3C1A299E-5E51-40DE-BBC6-4A0683B5BF5E}.Debug|x64.Build.0 = Debug|Any CPU
		{3C1A299E-5E51-40DE-BBC6-4A0683B5BF5E}.Debug|x86.ActiveCfg = Debug|Any CPU
		{3C1A299E-5E51-40DE-BBC6-4A0683B5BF5E}.Debug|x86.Build.0 = Debug|Any CPU
		{3C1A299E-5E51-40DE-BBC6-4A0683B5BF5E}.Release|Any CPU.ActiveCfg = Release|Any CPU
		{3C1A299E-5E51-40DE-BBC6-4A0683B5BF5E}.Release|Any CPU.Build.0 = Release|Any CPU
		{3C1A299E-5E51-40DE-BBC6-4A0683B5BF5E}.Release|x64.ActiveCfg = Release|Any CPU
		{3C1A299E-5E51-40DE-BBC6-4A0683B5BF5E}.Release|x64.Build.0 = Release|Any CPU
		{3C1A299E-5E51-40DE-BBC6-4A0683B5BF5E}.Release|x86.ActiveCfg = Release|Any CPU
		{3C1A299E-5E51-40DE-BBC6-4A0683B5BF5E}.Release|x86.Build.0 = Release|Any CPU
		{99ADB940-5705-41D0-B08E-72C895FF22A5}.Debug|Any CPU.ActiveCfg = Debug|Any CPU
		{99ADB940-5705-41D0-B08E-72C895FF22A5}.Debug|Any CPU.Build.0 = Debug|Any CPU
		{99ADB940-5705-41D0-B08E-72C895FF22A5}.Debug|x64.ActiveCfg = Debug|Any CPU
		{99ADB940-5705-41D0-B08E-72C895FF22A5}.Debug|x64.Build.0 = Debug|Any CPU
		{99ADB940-5705-41D0-B08E-72C895FF22A5}.Debug|x86.ActiveCfg = Debug|Any CPU
		{99ADB940-5705-41D0-B08E-72C895FF22A5}.Debug|x86.Build.0 = Debug|Any CPU
		{99ADB940-5705-41D0-B08E-72C895FF22A5}.Release|Any CPU.ActiveCfg = Release|Any CPU
		{99ADB940-5705-41D0-B08E-72C895FF22A5}.Release|Any CPU.Build.0 = Release|Any CPU
		{99ADB940-5705-41D0-B08E-72C895FF22A5}.Release|x64.ActiveCfg = Release|Any CPU
		{99ADB940-5705-41D0-B08E-72C895FF22A5}.Release|x64.Build.0 = Release|Any CPU
		{99ADB940-5705-41D0-B08E-72C895FF22A5}.Release|x86.ActiveCfg = Release|Any CPU
		{99ADB940-5705-41D0-B08E-72C895FF22A5}.Release|x86.Build.0 = Release|Any CPU
		{223A4153-E0A3-4F54-907D-D76B0EACD1C1}.Debug|Any CPU.ActiveCfg = Debug|Any CPU
		{223A4153-E0A3-4F54-907D-D76B0EACD1C1}.Debug|Any CPU.Build.0 = Debug|Any CPU
		{223A4153-E0A3-4F54-907D-D76B0EACD1C1}.Debug|x64.ActiveCfg = Debug|Any CPU
		{223A4153-E0A3-4F54-907D-D76B0EACD1C1}.Debug|x64.Build.0 = Debug|Any CPU
		{223A4153-E0A3-4F54-907D-D76B0EACD1C1}.Debug|x86.ActiveCfg = Debug|Any CPU
		{223A4153-E0A3-4F54-907D-D76B0EACD1C1}.Debug|x86.Build.0 = Debug|Any CPU
		{223A4153-E0A3-4F54-907D-D76B0EACD1C1}.Release|Any CPU.ActiveCfg = Release|Any CPU
		{223A4153-E0A3-4F54-907D-D76B0EACD1C1}.Release|Any CPU.Build.0 = Release|Any CPU
		{223A4153-E0A3-4F54-907D-D76B0EACD1C1}.Release|x64.ActiveCfg = Release|Any CPU
		{223A4153-E0A3-4F54-907D-D76B0EACD1C1}.Release|x64.Build.0 = Release|Any CPU
		{223A4153-E0A3-4F54-907D-D76B0EACD1C1}.Release|x86.ActiveCfg = Release|Any CPU
		{223A4153-E0A3-4F54-907D-D76B0EACD1C1}.Release|x86.Build.0 = Release|Any CPU
		{FA1A3FD1-111C-4D03-B186-2AC1A3E819F0}.Debug|Any CPU.ActiveCfg = Debug|Any CPU
		{FA1A3FD1-111C-4D03-B186-2AC1A3E819F0}.Debug|Any CPU.Build.0 = Debug|Any CPU
		{FA1A3FD1-111C-4D03-B186-2AC1A3E819F0}.Debug|x64.ActiveCfg = Debug|Any CPU
		{FA1A3FD1-111C-4D03-B186-2AC1A3E819F0}.Debug|x64.Build.0 = Debug|Any CPU
		{FA1A3FD1-111C-4D03-B186-2AC1A3E819F0}.Debug|x86.ActiveCfg = Debug|Any CPU
		{FA1A3FD1-111C-4D03-B186-2AC1A3E819F0}.Debug|x86.Build.0 = Debug|Any CPU
		{FA1A3FD1-111C-4D03-B186-2AC1A3E819F0}.Release|Any CPU.ActiveCfg = Release|Any CPU
		{FA1A3FD1-111C-4D03-B186-2AC1A3E819F0}.Release|Any CPU.Build.0 = Release|Any CPU
		{FA1A3FD1-111C-4D03-B186-2AC1A3E819F0}.Release|x64.ActiveCfg = Release|Any CPU
		{FA1A3FD1-111C-4D03-B186-2AC1A3E819F0}.Release|x64.Build.0 = Release|Any CPU
		{FA1A3FD1-111C-4D03-B186-2AC1A3E819F0}.Release|x86.ActiveCfg = Release|Any CPU
		{FA1A3FD1-111C-4D03-B186-2AC1A3E819F0}.Release|x86.Build.0 = Release|Any CPU
		{704364AE-D0B9-4162-A93C-DD186A0F6B97}.Debug|Any CPU.ActiveCfg = Debug|Any CPU
		{704364AE-D0B9-4162-A93C-DD186A0F6B97}.Debug|Any CPU.Build.0 = Debug|Any CPU
		{704364AE-D0B9-4162-A93C-DD186A0F6B97}.Debug|x64.ActiveCfg = Debug|Any CPU
		{704364AE-D0B9-4162-A93C-DD186A0F6B97}.Debug|x64.Build.0 = Debug|Any CPU
		{704364AE-D0B9-4162-A93C-DD186A0F6B97}.Debug|x86.ActiveCfg = Debug|Any CPU
		{704364AE-D0B9-4162-A93C-DD186A0F6B97}.Debug|x86.Build.0 = Debug|Any CPU
		{704364AE-D0B9-4162-A93C-DD186A0F6B97}.Release|Any CPU.ActiveCfg = Release|Any CPU
		{704364AE-D0B9-4162-A93C-DD186A0F6B97}.Release|Any CPU.Build.0 = Release|Any CPU
		{704364AE-D0B9-4162-A93C-DD186A0F6B97}.Release|x64.ActiveCfg = Release|Any CPU
		{704364AE-D0B9-4162-A93C-DD186A0F6B97}.Release|x64.Build.0 = Release|Any CPU
		{704364AE-D0B9-4162-A93C-DD186A0F6B97}.Release|x86.ActiveCfg = Release|Any CPU
		{704364AE-D0B9-4162-A93C-DD186A0F6B97}.Release|x86.Build.0 = Release|Any CPU
		{603C4614-2541-4492-A9B7-903E164CFE1B}.Debug|Any CPU.ActiveCfg = Debug|Any CPU
		{603C4614-2541-4492-A9B7-903E164CFE1B}.Debug|Any CPU.Build.0 = Debug|Any CPU
		{603C4614-2541-4492-A9B7-903E164CFE1B}.Debug|x64.ActiveCfg = Debug|Any CPU
		{603C4614-2541-4492-A9B7-903E164CFE1B}.Debug|x64.Build.0 = Debug|Any CPU
		{603C4614-2541-4492-A9B7-903E164CFE1B}.Debug|x86.ActiveCfg = Debug|Any CPU
		{603C4614-2541-4492-A9B7-903E164CFE1B}.Debug|x86.Build.0 = Debug|Any CPU
		{603C4614-2541-4492-A9B7-903E164CFE1B}.Release|Any CPU.ActiveCfg = Release|Any CPU
		{603C4614-2541-4492-A9B7-903E164CFE1B}.Release|Any CPU.Build.0 = Release|Any CPU
		{603C4614-2541-4492-A9B7-903E164CFE1B}.Release|x64.ActiveCfg = Release|Any CPU
		{603C4614-2541-4492-A9B7-903E164CFE1B}.Release|x64.Build.0 = Release|Any CPU
		{603C4614-2541-4492-A9B7-903E164CFE1B}.Release|x86.ActiveCfg = Release|Any CPU
		{603C4614-2541-4492-A9B7-903E164CFE1B}.Release|x86.Build.0 = Release|Any CPU
		{504FB9A6-0849-44D7-9BF3-CE728DFEA45A}.Debug|Any CPU.ActiveCfg = Debug|Any CPU
		{504FB9A6-0849-44D7-9BF3-CE728DFEA45A}.Debug|Any CPU.Build.0 = Debug|Any CPU
		{504FB9A6-0849-44D7-9BF3-CE728DFEA45A}.Debug|x64.ActiveCfg = Debug|Any CPU
		{504FB9A6-0849-44D7-9BF3-CE728DFEA45A}.Debug|x64.Build.0 = Debug|Any CPU
		{504FB9A6-0849-44D7-9BF3-CE728DFEA45A}.Debug|x86.ActiveCfg = Debug|Any CPU
		{504FB9A6-0849-44D7-9BF3-CE728DFEA45A}.Debug|x86.Build.0 = Debug|Any CPU
		{504FB9A6-0849-44D7-9BF3-CE728DFEA45A}.Release|Any CPU.ActiveCfg = Release|Any CPU
		{504FB9A6-0849-44D7-9BF3-CE728DFEA45A}.Release|Any CPU.Build.0 = Release|Any CPU
		{504FB9A6-0849-44D7-9BF3-CE728DFEA45A}.Release|x64.ActiveCfg = Release|Any CPU
		{504FB9A6-0849-44D7-9BF3-CE728DFEA45A}.Release|x64.Build.0 = Release|Any CPU
		{504FB9A6-0849-44D7-9BF3-CE728DFEA45A}.Release|x86.ActiveCfg = Release|Any CPU
		{504FB9A6-0849-44D7-9BF3-CE728DFEA45A}.Release|x86.Build.0 = Release|Any CPU
	EndGlobalSection
	GlobalSection(SolutionProperties) = preSolution
		HideSolutionNode = FALSE
	EndGlobalSection
	GlobalSection(NestedProjects) = preSolution
		{FC57BED9-4CFF-439B-8E37-840A5F60A9C4} = {D22495EB-8649-47C6-9F0F-C077DAF3484C}
		{3C1A299E-5E51-40DE-BBC6-4A0683B5BF5E} = {D22495EB-8649-47C6-9F0F-C077DAF3484C}
		{99ADB940-5705-41D0-B08E-72C895FF22A5} = {D22495EB-8649-47C6-9F0F-C077DAF3484C}
		{223A4153-E0A3-4F54-907D-D76B0EACD1C1} = {D22495EB-8649-47C6-9F0F-C077DAF3484C}
		{FA1A3FD1-111C-4D03-B186-2AC1A3E819F0} = {D22495EB-8649-47C6-9F0F-C077DAF3484C}
		{704364AE-D0B9-4162-A93C-DD186A0F6B97} = {D22495EB-8649-47C6-9F0F-C077DAF3484C}
		{603C4614-2541-4492-A9B7-903E164CFE1B} = {D22495EB-8649-47C6-9F0F-C077DAF3484C}
		{504FB9A6-0849-44D7-9BF3-CE728DFEA45A} = {DAF2911D-EDF4-4925-A63A-3C4BEDA36C3C}
	EndGlobalSection
	GlobalSection(ExtensibilityGlobals) = postSolution
		SolutionGuid = {4C4FED79-10D6-43D7-806A-77E280370AC3}
	EndGlobalSection
EndGlobal
